
Microsoft Visual Studio Solution File, Format Version 12.00
# Visual Studio 14
VisualStudioVersion = 14.0.25420.1
MinimumVisualStudioVersion = 10.0.40219.1
Project("{8BC9CEB8-8B4A-11D0-8D11-00A0C91BC942}") = "libyuv", "third_party\libyuv\libyuv.vcxproj", "{E4505A22-7591-FEDF-6B9F-4FF8AB727FF9}"
EndProject
Project("{2150E333-8FDC-42A3-9474-1A3956D46DE8}") = "codec", "codec", "{8BDD5CFB-AD01-492F-99C0-E7E9B07B372C}"
EndProject
Project("{8BC9CEB8-8B4A-11D0-8D11-00A0C91BC942}") = "libfaac_dll", "third_party\faac-1.28\libfaac\libfaac_dll.vcxproj", "{856BB8CF-B944-4D7A-9D59-4945316229AA}"
EndProject
Project("{8BC9CEB8-8B4A-11D0-8D11-00A0C91BC942}") = "libfaad2_dll", "third_party\faad2-2.7\libfaad\libfaad2_dll.vcxproj", "{482DA264-EE88-4575-B208-87C4CB80CD08}"
EndProject
Project("{8BC9CEB8-8B4A-11D0-8D11-00A0C91BC942}") = "AnyCore", "AnyCore\AnyCore.vcxproj", "{2E1012CB-6F96-4444-A4F8-F932F8421D34}"
EndProject
Project("{8BC9CEB8-8B4A-11D0-8D11-00A0C91BC942}") = "LiveWin32", "Prj-Win\LiveWin32.vcxproj", "{2F1E6265-95FC-4B51-A28E-F4EE8B5C579C}"
EndProject
Project("{8BC9CEB8-8B4A-11D0-8D11-00A0C91BC942}") = "Win32Render", "VideoRender\win32_render.vcxproj", "{1AD2B7CF-C61C-43CD-8A27-4C52EF9CC5D3}"
EndProject
Global
	GlobalSection(SolutionConfigurationPlatforms) = preSolution
		Debug|Win32 = Debug|Win32
		Debug|x64 = Debug|x64
		Release|Win32 = Release|Win32
		Release|x64 = Release|x64
	EndGlobalSection
	GlobalSection(ProjectConfigurationPlatforms) = postSolution
		{E4505A22-7591-FEDF-6B9F-4FF8AB727FF9}.Debug|Win32.ActiveCfg = Debug|Win32
		{E4505A22-7591-FEDF-6B9F-4FF8AB727FF9}.Debug|Win32.Build.0 = Debug|Win32
		{E4505A22-7591-FEDF-6B9F-4FF8AB727FF9}.Debug|x64.ActiveCfg = Debug|x64
		{E4505A22-7591-FEDF-6B9F-4FF8AB727FF9}.Debug|x64.Build.0 = Debug|x64
		{E4505A22-7591-FEDF-6B9F-4FF8AB727FF9}.Release|Win32.ActiveCfg = Release|Win32
		{E4505A22-7591-FEDF-6B9F-4FF8AB727FF9}.Release|Win32.Build.0 = Release|Win32
		{E4505A22-7591-FEDF-6B9F-4FF8AB727FF9}.Release|x64.ActiveCfg = Release|x64
		{E4505A22-7591-FEDF-6B9F-4FF8AB727FF9}.Release|x64.Build.0 = Release|x64
		{856BB8CF-B944-4D7A-9D59-4945316229AA}.Debug|Win32.ActiveCfg = Debug|Win32
		{856BB8CF-B944-4D7A-9D59-4945316229AA}.Debug|Win32.Build.0 = Debug|Win32
		{856BB8CF-B944-4D7A-9D59-4945316229AA}.Debug|x64.ActiveCfg = Debug|x64
		{856BB8CF-B944-4D7A-9D59-4945316229AA}.Debug|x64.Build.0 = Debug|x64
		{856BB8CF-B944-4D7A-9D59-4945316229AA}.Release|Win32.ActiveCfg = Release|Win32
		{856BB8CF-B944-4D7A-9D59-4945316229AA}.Release|Win32.Build.0 = Release|Win32
		{856BB8CF-B944-4D7A-9D59-4945316229AA}.Release|x64.ActiveCfg = Release|x64
		{482DA264-EE88-4575-B208-87C4CB80CD08}.Debug|Win32.ActiveCfg = Debug|Win32
		{482DA264-EE88-4575-B208-87C4CB80CD08}.Debug|Win32.Build.0 = Debug|Win32
		{482DA264-EE88-4575-B208-87C4CB80CD08}.Debug|x64.ActiveCfg = Debug|x64
		{482DA264-EE88-4575-B208-87C4CB80CD08}.Debug|x64.Build.0 = Debug|x64
		{482DA264-EE88-4575-B208-87C4CB80CD08}.Release|Win32.ActiveCfg = Release|Win32
		{482DA264-EE88-4575-B208-87C4CB80CD08}.Release|Win32.Build.0 = Release|Win32
		{482DA264-EE88-4575-B208-87C4CB80CD08}.Release|x64.ActiveCfg = Release|x64
		{2E1012CB-6F96-4444-A4F8-F932F8421D34}.Debug|Win32.ActiveCfg = Debug|Win32
		{2E1012CB-6F96-4444-A4F8-F932F8421D34}.Debug|Win32.Build.0 = Debug|Win32
		{2E1012CB-6F96-4444-A4F8-F932F8421D34}.Debug|x64.ActiveCfg = Debug|x64
		{2E1012CB-6F96-4444-A4F8-F932F8421D34}.Debug|x64.Build.0 = Debug|x64
		{2E1012CB-6F96-4444-A4F8-F932F8421D34}.Release|Win32.ActiveCfg = Release|Win32
		{2E1012CB-6F96-4444-A4F8-F932F8421D34}.Release|Win32.Build.0 = Release|Win32
		{2E1012CB-6F96-4444-A4F8-F932F8421D34}.Release|x64.ActiveCfg = Release|Win32
		{2F1E6265-95FC-4B51-A28E-F4EE8B5C579C}.Debug|Win32.ActiveCfg = Debug|Win32
		{2F1E6265-95FC-4B51-A28E-F4EE8B5C579C}.Debug|Win32.Build.0 = Debug|Win32
		{2F1E6265-95FC-4B51-A28E-F4EE8B5C579C}.Debug|x64.ActiveCfg = Debug|x64
		{2F1E6265-95FC-4B51-A28E-F4EE8B5C579C}.Debug|x64.Build.0 = Debug|x64
		{2F1E6265-95FC-4B51-A28E-F4EE8B5C579C}.Release|Win32.ActiveCfg = Release|Win32
		{2F1E6265-95FC-4B51-A28E-F4EE8B5C579C}.Release|Win32.Build.0 = Release|Win32
		{2F1E6265-95FC-4B51-A28E-F4EE8B5C579C}.Release|x64.ActiveCfg = Release|x64
		{1AD2B7CF-C61C-43CD-8A27-4C52EF9CC5D3}.Debug|Win32.ActiveCfg = Debug|Win32
		{1AD2B7CF-C61C-43CD-8A27-4C52EF9CC5D3}.Debug|Win32.Build.0 = Debug|Win32
		{1AD2B7CF-C61C-43CD-8A27-4C52EF9CC5D3}.Debug|x64.ActiveCfg = Debug|x64
		{1AD2B7CF-C61C-43CD-8A27-4C52EF9CC5D3}.Debug|x64.Build.0 = Debug|x64
		{1AD2B7CF-C61C-43CD-8A27-4C52EF9CC5D3}.Release|Win32.ActiveCfg = Release|Win32
		{1AD2B7CF-C61C-43CD-8A27-4C52EF9CC5D3}.Release|Win32.Build.0 = Release|Win32
		{1AD2B7CF-C61C-43CD-8A27-4C52EF9CC5D3}.Release|x64.ActiveCfg = Release|x64
	EndGlobalSection
	GlobalSection(SolutionProperties) = preSolution
		HideSolutionNode = FALSE
	EndGlobalSection
	GlobalSection(NestedProjects) = preSolution
		{E4505A22-7591-FEDF-6B9F-4FF8AB727FF9} = {8BDD5CFB-AD01-492F-99C0-E7E9B07B372C}
		{856BB8CF-B944-4D7A-9D59-4945316229AA} = {8BDD5CFB-AD01-492F-99C0-E7E9B07B372C}
		{482DA264-EE88-4575-B208-87C4CB80CD08} = {8BDD5CFB-AD01-492F-99C0-E7E9B07B372C}
	EndGlobalSection
EndGlobal
